{
  "name": "svg2roughjs",
  "version": "1.3.0",
  "lockfileVersion": 1,
  "requires": true,
  "dependencies": {
    "isnumeric": {
      "version": "0.2.0",
      "resolved": "https://registry.npmjs.org/isnumeric/-/isnumeric-0.2.0.tgz",
      "integrity": "sha1-ojR7o2DeGeM9D/1ZD933dVy/LmQ="
    },
    "prettier": {
      "version": "1.19.1",
      "resolved": "https://registry.npmjs.org/prettier/-/prettier-1.19.1.tgz",
      "integrity": "sha512-s7PoyDv/II1ObgQunCbB9PdLmUcBZcnWOcxDh7O0N/UwDEsHyqkW+Qh28jW+mVuCdx7gLB0BotYI1Y6uI9iyew==",
      "dev": true
    },
    "roughjs": {
      "version": "4.0.4",
      "resolved": "https://registry.npmjs.org/roughjs/-/roughjs-4.0.4.tgz",
      "integrity": "sha512-rXmMGcALUlYIFKBbn9aWuxznPKOtnx9bouVC407/uneUNx0mT/4Mo2Z4TUieoCOT+rWmHnOQqVT1FvoN+L3baA=="
    },
    "svg-pathdata": {
      "version": "5.0.2",
      "resolved": "https://registry.npmjs.org/svg-pathdata/-/svg-pathdata-5.0.2.tgz",
      "integrity": "sha512-tmfwioGZZaSMZnAGCFiWd30O2sVbA5/wVP/CS8Pcf9s1ptd6J26bZUFwkIRZy+GYmD+uCECdiAP7bPpLszj+1w=="
    },
    "tinycolor2": {
      "version": "1.4.1",
      "resolved": "https://registry.npmjs.org/tinycolor2/-/tinycolor2-1.4.1.tgz",
      "integrity": "sha1-9PrTM0R7wLB9TcjpIJ2POaisd+g="
    },
    "units-css": {
      "version": "0.4.0",
      "resolved": "https://registry.npmjs.org/units-css/-/units-css-0.4.0.tgz",
      "integrity": "sha1-1iKGU6UZg9fBb/KPi53Dsf/tOgc=",
      "requires": {
        "isnumeric": "^0.2.0",
        "viewport-dimensions": "^0.2.0"
      }
    },
    "viewport-dimensions": {
      "version": "0.2.0",
      "resolved": "https://registry.npmjs.org/viewport-dimensions/-/viewport-dimensions-0.2.0.tgz",
      "integrity": "sha1-3nQHR9tTh/0XJfUXXpG6x2r982w="
    }
  }
}
